// !$*UTF8*$!
{
	archiveVersion = 1;
	classes = {
	};
	objectVersion = 46;
	objects = {

/* Begin PBXBuildFile section */
		070361DF18A86E16006AB301 /* Foundation.framework in Frameworks */ = {isa = PBXBuildFile; fileRef = 070361DE18A86E16006AB301 /* Foundation.framework */; };
		070361E118A86E16006AB301 /* CoreGraphics.framework in Frameworks */ = {isa = PBXBuildFile; fileRef = 070361E018A86E16006AB301 /* CoreGraphics.framework */; };
		070361E318A86E16006AB301 /* UIKit.framework in Frameworks */ = {isa = PBXBuildFile; fileRef = 070361E218A86E16006AB301 /* UIKit.framework */; };
		070361E518A86E16006AB301 /* SpriteKit.framework in Frameworks */ = {isa = PBXBuildFile; fileRef = 070361E418A86E16006AB301 /* SpriteKit.framework */; };
		070361EB18A86E16006AB301 /* InfoPlist.strings in Resources */ = {isa = PBXBuildFile; fileRef = 070361E918A86E16006AB301 /* InfoPlist.strings */; };
		070361ED18A86E16006AB301 /* main.m in Sources */ = {isa = PBXBuildFile; fileRef = 070361EC18A86E16006AB301 /* main.m */; };
		070361F118A86E16006AB301 /* AppDelegate.m in Sources */ = {isa = PBXBuildFile; fileRef = 070361F018A86E16006AB301 /* AppDelegate.m */; };
		070361F418A86E16006AB301 /* Main_iPhone.storyboard in Resources */ = {isa = PBXBuildFile; fileRef = 070361F218A86E16006AB301 /* Main_iPhone.storyboard */; };
		070361F718A86E16006AB301 /* Main_iPad.storyboard in Resources */ = {isa = PBXBuildFile; fileRef = 070361F518A86E16006AB301 /* Main_iPad.storyboard */; };
		070361FA18A86E16006AB301 /* ViewController.m in Sources */ = {isa = PBXBuildFile; fileRef = 070361F918A86E16006AB301 /* ViewController.m */; };
		070361FD18A86E16006AB301 /* Game.m in Sources */ = {isa = PBXBuildFile; fileRef = 070361FC18A86E16006AB301 /* Game.m */; };
		0703620118A86E16006AB301 /* Images.xcassets in Resources */ = {isa = PBXBuildFile; fileRef = 0703620018A86E16006AB301 /* Images.xcassets */; };
		0703620818A86E16006AB301 /* XCTest.framework in Frameworks */ = {isa = PBXBuildFile; fileRef = 0703620718A86E16006AB301 /* XCTest.framework */; };
		0703620918A86E16006AB301 /* Foundation.framework in Frameworks */ = {isa = PBXBuildFile; fileRef = 070361DE18A86E16006AB301 /* Foundation.framework */; };
		0703620A18A86E16006AB301 /* UIKit.framework in Frameworks */ = {isa = PBXBuildFile; fileRef = 070361E218A86E16006AB301 /* UIKit.framework */; };
		0703621218A86E16006AB301 /* InfoPlist.strings in Resources */ = {isa = PBXBuildFile; fileRef = 0703621018A86E16006AB301 /* InfoPlist.strings */; };
		0703621418A86E16006AB301 /* RobootTests.m in Sources */ = {isa = PBXBuildFile; fileRef = 0703621318A86E16006AB301 /* RobootTests.m */; };
		07249E2018DE9799001C2F43 /* battery.png in Resources */ = {isa = PBXBuildFile; fileRef = 07249E1B18DE9799001C2F43 /* battery.png */; };
		07249E2218DE9799001C2F43 /* block.png in Resources */ = {isa = PBXBuildFile; fileRef = 07249E1D18DE9799001C2F43 /* block.png */; };
		07249E2318DE9799001C2F43 /* circuit.png in Resources */ = {isa = PBXBuildFile; fileRef = 07249E1E18DE9799001C2F43 /* circuit.png */; };
		07249E2418DE9799001C2F43 /* fall.png in Resources */ = {isa = PBXBuildFile; fileRef = 07249E1F18DE9799001C2F43 /* fall.png */; };
		07249E3118DE97DA001C2F43 /* mine.png in Resources */ = {isa = PBXBuildFile; fileRef = 07249E2518DE97DA001C2F43 /* mine.png */; };
		07249E3418DE97DA001C2F43 /* roboot_back.png in Resources */ = {isa = PBXBuildFile; fileRef = 07249E2818DE97DA001C2F43 /* roboot_back.png */; };
		07249E3618DE97DA001C2F43 /* roboot_right.png in Resources */ = {isa = PBXBuildFile; fileRef = 07249E2A18DE97DA001C2F43 /* roboot_right.png */; };
		07249E3718DE97DA001C2F43 /* robot.png in Resources */ = {isa = PBXBuildFile; fileRef = 07249E2B18DE97DA001C2F43 /* robot.png */; };
		07249E3918DE97DA001C2F43 /* song.mp3 in Resources */ = {isa = PBXBuildFile; fileRef = 07249E2D18DE97DA001C2F43 /* song.mp3 */; };
		07249E3B18DE97DA001C2F43 /* wall.png in Resources */ = {isa = PBXBuildFile; fileRef = 07249E2F18DE97DA001C2F43 /* wall.png */; };
		07249E3C18DE97DA001C2F43 /* wrench.png in Resources */ = {isa = PBXBuildFile; fileRef = 07249E3018DE97DA001C2F43 /* wrench.png */; };
		07249E3E18DE98F7001C2F43 /* AVFoundation.framework in Frameworks */ = {isa = PBXBuildFile; fileRef = 07249E3D18DE98F6001C2F43 /* AVFoundation.framework */; };
		07404D3018EBC51F009C8D31 /* Map.m in Sources */ = {isa = PBXBuildFile; fileRef = 07404D2F18EBC51F009C8D31 /* Map.m */; };
		07404D3618EC7DCC009C8D31 /* ButtonLeft.png in Resources */ = {isa = PBXBuildFile; fileRef = 07404D3218EC7DCC009C8D31 /* ButtonLeft.png */; };
		07404D3718EC7DCC009C8D31 /* ButtonRight.png in Resources */ = {isa = PBXBuildFile; fileRef = 07404D3318EC7DCC009C8D31 /* ButtonRight.png */; };
		07A2993F18FCB82200038483 /* StartScene.m in Sources */ = {isa = PBXBuildFile; fileRef = 07A2993E18FCB82200038483 /* StartScene.m */; };
		07B103861901870000020EF6 /* failScreen.png in Resources */ = {isa = PBXBuildFile; fileRef = 07B103831901870000020EF6 /* failScreen.png */; };
		07B103871901870000020EF6 /* levelComplete.png in Resources */ = {isa = PBXBuildFile; fileRef = 07B103841901870000020EF6 /* levelComplete.png */; };
		07B103881901870000020EF6 /* start.png in Resources */ = {isa = PBXBuildFile; fileRef = 07B103851901870000020EF6 /* start.png */; };
		F38C64DA190029EF00F676DF /* abyss.png in Resources */ = {isa = PBXBuildFile; fileRef = F38C64D9190029EF00F676DF /* abyss.png */; };
		F3A2108418FB8BBD0004BB55 /* MapReader.m in Sources */ = {isa = PBXBuildFile; fileRef = F3A2108318FB8BBD0004BB55 /* MapReader.m */; };
		F3A36F5318FE42EC00A89FFB /* LossScene.m in Sources */ = {isa = PBXBuildFile; fileRef = F3A36F5218FE42EC00A89FFB /* LossScene.m */; };
		F3A7566918FDE6F800402ACC /* level_1.txt in Resources */ = {isa = PBXBuildFile; fileRef = F3A7566618FDE6F800402ACC /* level_1.txt */; };
		F3A7566A18FDE6F800402ACC /* level_2.txt in Resources */ = {isa = PBXBuildFile; fileRef = F3A7566718FDE6F800402ACC /* level_2.txt */; };
		F3A7566B18FDE6F800402ACC /* level_3.txt in Resources */ = {isa = PBXBuildFile; fileRef = F3A7566818FDE6F800402ACC /* level_3.txt */; };
		F3CF17381900843700CF7875 /* nextLevel.mp3 in Resources */ = {isa = PBXBuildFile; fileRef = F3CF17331900843700CF7875 /* nextLevel.mp3 */; };
		F3CF17391900843700CF7875 /* portalOpening.mp3 in Resources */ = {isa = PBXBuildFile; fileRef = F3CF17341900843700CF7875 /* portalOpening.mp3 */; };
		F3CF173A1900843700CF7875 /* robootMoving.mp3 in Resources */ = {isa = PBXBuildFile; fileRef = F3CF17351900843700CF7875 /* robootMoving.mp3 */; };
		F3CF173B1900843700CF7875 /* endMusic.mp3 in Resources */ = {isa = PBXBuildFile; fileRef = F3CF17361900843700CF7875 /* endMusic.mp3 */; };
		F3CF173C1900843700CF7875 /* getWrench.mp3 in Resources */ = {isa = PBXBuildFile; fileRef = F3CF17371900843700CF7875 /* getWrench.mp3 */; };
		F3CF174119008C5800CF7875 /* buttonThree.mp3 in Resources */ = {isa = PBXBuildFile; fileRef = F3CF173D19008C5800CF7875 /* buttonThree.mp3 */; };
		F3CF174219008C5800CF7875 /* buttonOne.mp3 in Resources */ = {isa = PBXBuildFile; fileRef = F3CF173E19008C5800CF7875 /* buttonOne.mp3 */; };
		F3CF174319008C5800CF7875 /* buttonFour.mp3 in Resources */ = {isa = PBXBuildFile; fileRef = F3CF173F19008C5800CF7875 /* buttonFour.mp3 */; };
		F3CF174419008C5800CF7875 /* buttonTwo.mp3 in Resources */ = {isa = PBXBuildFile; fileRef = F3CF174019008C5800CF7875 /* buttonTwo.mp3 */; };
		F3DE4D1718FE3D2200AB8D94 /* WinScene.m in Sources */ = {isa = PBXBuildFile; fileRef = F3DE4D1618FE3D2200AB8D94 /* WinScene.m */; };
/* End PBXBuildFile section */

/* Begin PBXContainerItemProxy section */
		0703620B18A86E16006AB301 /* PBXContainerItemProxy */ = {
			isa = PBXContainerItemProxy;
			containerPortal = 070361D318A86E15006AB301 /* Project object */;
			proxyType = 1;
			remoteGlobalIDString = 070361DA18A86E15006AB301;
			remoteInfo = Roboot;
		};
/* End PBXContainerItemProxy section */

/* Begin PBXFileReference section */
		070361DB18A86E16006AB301 /* Roboot.app */ = {isa = PBXFileReference; explicitFileType = wrapper.application; includeInIndex = 0; path = Roboot.app; sourceTree = BUILT_PRODUCTS_DIR; };
		070361DE18A86E16006AB301 /* Foundation.framework */ = {isa = PBXFileReference; lastKnownFileType = wrapper.framework; name = Foundation.framework; path = System/Library/Frameworks/Foundation.framework; sourceTree = SDKROOT; };
		070361E018A86E16006AB301 /* CoreGraphics.framework */ = {isa = PBXFileReference; lastKnownFileType = wrapper.framework; name = CoreGraphics.framework; path = System/Library/Frameworks/CoreGraphics.framework; sourceTree = SDKROOT; };
		070361E218A86E16006AB301 /* UIKit.framework */ = {isa = PBXFileReference; lastKnownFileType = wrapper.framework; name = UIKit.framework; path = System/Library/Frameworks/UIKit.framework; sourceTree = SDKROOT; };
		070361E418A86E16006AB301 /* SpriteKit.framework */ = {isa = PBXFileReference; lastKnownFileType = wrapper.framework; name = SpriteKit.framework; path = System/Library/Frameworks/SpriteKit.framework; sourceTree = SDKROOT; };
		070361E818A86E16006AB301 /* Roboot-Info.plist */ = {isa = PBXFileReference; lastKnownFileType = text.plist.xml; path = "Roboot-Info.plist"; sourceTree = "<group>"; };
		070361EA18A86E16006AB301 /* en */ = {isa = PBXFileReference; lastKnownFileType = text.plist.strings; name = en; path = en.lproj/InfoPlist.strings; sourceTree = "<group>"; };
		070361EC18A86E16006AB301 /* main.m */ = {isa = PBXFileReference; lastKnownFileType = sourcecode.c.objc; path = main.m; sourceTree = "<group>"; };
		070361EE18A86E16006AB301 /* Roboot-Prefix.pch */ = {isa = PBXFileReference; lastKnownFileType = sourcecode.c.h; path = "Roboot-Prefix.pch"; sourceTree = "<group>"; };
		070361EF18A86E16006AB301 /* AppDelegate.h */ = {isa = PBXFileReference; lastKnownFileType = sourcecode.c.h; path = AppDelegate.h; sourceTree = "<group>"; };
		070361F018A86E16006AB301 /* AppDelegate.m */ = {isa = PBXFileReference; lastKnownFileType = sourcecode.c.objc; path = AppDelegate.m; sourceTree = "<group>"; };
		070361F318A86E16006AB301 /* Base */ = {isa = PBXFileReference; lastKnownFileType = file.storyboard; name = Base; path = Base.lproj/Main_iPhone.storyboard; sourceTree = "<group>"; };
		070361F618A86E16006AB301 /* Base */ = {isa = PBXFileReference; lastKnownFileType = file.storyboard; name = Base; path = Base.lproj/Main_iPad.storyboard; sourceTree = "<group>"; };
		070361F818A86E16006AB301 /* ViewController.h */ = {isa = PBXFileReference; lastKnownFileType = sourcecode.c.h; path = ViewController.h; sourceTree = "<group>"; };
		070361F918A86E16006AB301 /* ViewController.m */ = {isa = PBXFileReference; lastKnownFileType = sourcecode.c.objc; path = ViewController.m; sourceTree = "<group>"; };
		070361FB18A86E16006AB301 /* Game.h */ = {isa = PBXFileReference; lastKnownFileType = sourcecode.c.h; path = Game.h; sourceTree = "<group>"; };
		070361FC18A86E16006AB301 /* Game.m */ = {isa = PBXFileReference; lastKnownFileType = sourcecode.c.objc; path = Game.m; sourceTree = "<group>"; };
		0703620018A86E16006AB301 /* Images.xcassets */ = {isa = PBXFileReference; lastKnownFileType = folder.assetcatalog; path = Images.xcassets; sourceTree = "<group>"; };
		0703620618A86E16006AB301 /* RobootTests.xctest */ = {isa = PBXFileReference; explicitFileType = wrapper.cfbundle; includeInIndex = 0; path = RobootTests.xctest; sourceTree = BUILT_PRODUCTS_DIR; };
		0703620718A86E16006AB301 /* XCTest.framework */ = {isa = PBXFileReference; lastKnownFileType = wrapper.framework; name = XCTest.framework; path = Library/Frameworks/XCTest.framework; sourceTree = DEVELOPER_DIR; };
		0703620F18A86E16006AB301 /* RobootTests-Info.plist */ = {isa = PBXFileReference; lastKnownFileType = text.plist.xml; path = "RobootTests-Info.plist"; sourceTree = "<group>"; };
		0703621118A86E16006AB301 /* en */ = {isa = PBXFileReference; lastKnownFileType = text.plist.strings; name = en; path = en.lproj/InfoPlist.strings; sourceTree = "<group>"; };
		0703621318A86E16006AB301 /* RobootTests.m */ = {isa = PBXFileReference; lastKnownFileType = sourcecode.c.objc; path = RobootTests.m; sourceTree = "<group>"; };
		07249E1918DE95D5001C2F43 /* roboot_front.png */ = {isa = PBXFileReference; lastKnownFileType = image.png; path = roboot_front.png; sourceTree = "<group>"; };
		07249E1B18DE9799001C2F43 /* battery.png */ = {isa = PBXFileReference; lastKnownFileType = image.png; path = battery.png; sourceTree = "<group>"; };
		07249E1D18DE9799001C2F43 /* block.png */ = {isa = PBXFileReference; lastKnownFileType = image.png; path = block.png; sourceTree = "<group>"; };
		07249E1E18DE9799001C2F43 /* circuit.png */ = {isa = PBXFileReference; lastKnownFileType = image.png; path = circuit.png; sourceTree = "<group>"; };
		07249E1F18DE9799001C2F43 /* fall.png */ = {isa = PBXFileReference; lastKnownFileType = image.png; path = fall.png; sourceTree = "<group>"; };
		07249E2518DE97DA001C2F43 /* mine.png */ = {isa = PBXFileReference; lastKnownFileType = image.png; path = mine.png; sourceTree = "<group>"; };
		07249E2618DE97DA001C2F43 /* portal-closed.png */ = {isa = PBXFileReference; lastKnownFileType = image.png; path = "portal-closed.png"; sourceTree = "<group>"; };
		07249E2718DE97DA001C2F43 /* portal-open.png */ = {isa = PBXFileReference; lastKnownFileType = image.png; path = "portal-open.png"; sourceTree = "<group>"; };
		07249E2818DE97DA001C2F43 /* roboot_back.png */ = {isa = PBXFileReference; lastKnownFileType = image.png; path = roboot_back.png; sourceTree = "<group>"; };
		07249E2918DE97DA001C2F43 /* roboot_left.png */ = {isa = PBXFileReference; lastKnownFileType = image.png; path = roboot_left.png; sourceTree = "<group>"; };
		07249E2A18DE97DA001C2F43 /* roboot_right.png */ = {isa = PBXFileReference; lastKnownFileType = image.png; path = roboot_right.png; sourceTree = "<group>"; };
		07249E2B18DE97DA001C2F43 /* robot.png */ = {isa = PBXFileReference; lastKnownFileType = image.png; path = robot.png; sourceTree = "<group>"; };
		07249E2D18DE97DA001C2F43 /* song.mp3 */ = {isa = PBXFileReference; lastKnownFileType = audio.mp3; path = song.mp3; sourceTree = "<group>"; };
		07249E2E18DE97DA001C2F43 /* tile.png */ = {isa = PBXFileReference; lastKnownFileType = image.png; path = tile.png; sourceTree = "<group>"; };
		07249E2F18DE97DA001C2F43 /* wall.png */ = {isa = PBXFileReference; lastKnownFileType = image.png; path = wall.png; sourceTree = "<group>"; };
		07249E3018DE97DA001C2F43 /* wrench.png */ = {isa = PBXFileReference; lastKnownFileType = image.png; path = wrench.png; sourceTree = "<group>"; };
		07249E3D18DE98F6001C2F43 /* AVFoundation.framework */ = {isa = PBXFileReference; lastKnownFileType = wrapper.framework; name = AVFoundation.framework; path = System/Library/Frameworks/AVFoundation.framework; sourceTree = SDKROOT; };
		07404D2E18EBC51F009C8D31 /* Map.h */ = {isa = PBXFileReference; fileEncoding = 4; lastKnownFileType = sourcecode.c.h; path = Map.h; sourceTree = "<group>"; };
		07404D2F18EBC51F009C8D31 /* Map.m */ = {isa = PBXFileReference; fileEncoding = 4; lastKnownFileType = sourcecode.c.objc; path = Map.m; sourceTree = "<group>"; };
		07404D3118EC7DCC009C8D31 /* ButtonDown.png */ = {isa = PBXFileReference; lastKnownFileType = image.png; path = ButtonDown.png; sourceTree = "<group>"; };
		07404D3218EC7DCC009C8D31 /* ButtonLeft.png */ = {isa = PBXFileReference; lastKnownFileType = image.png; path = ButtonLeft.png; sourceTree = "<group>"; };
		07404D3318EC7DCC009C8D31 /* ButtonRight.png */ = {isa = PBXFileReference; lastKnownFileType = image.png; path = ButtonRight.png; sourceTree = "<group>"; };
		07404D3418EC7DCC009C8D31 /* ButtonUp.png */ = {isa = PBXFileReference; lastKnownFileType = image.png; path = ButtonUp.png; sourceTree = "<group>"; };
		07A2993D18FCB82200038483 /* StartScene.h */ = {isa = PBXFileReference; fileEncoding = 4; lastKnownFileType = sourcecode.c.h; path = StartScene.h; sourceTree = "<group>"; };
		07A2993E18FCB82200038483 /* StartScene.m */ = {isa = PBXFileReference; fileEncoding = 4; lastKnownFileType = sourcecode.c.objc; path = StartScene.m; sourceTree = "<group>"; };
		07A2994018FCC5F800038483 /* ButtonAccept.png */ = {isa = PBXFileReference; lastKnownFileType = image.png; path = ButtonAccept.png; sourceTree = "<group>"; };
		07B103831901870000020EF6 /* failScreen.png */ = {isa = PBXFileReference; lastKnownFileType = image.png; path = failScreen.png; sourceTree = "<group>"; };
		07B103841901870000020EF6 /* levelComplete.png */ = {isa = PBXFileReference; lastKnownFileType = image.png; path = levelComplete.png; sourceTree = "<group>"; };
		07B103851901870000020EF6 /* start.png */ = {isa = PBXFileReference; lastKnownFileType = image.png; path = start.png; sourceTree = "<group>"; };
		F38C64D9190029EF00F676DF /* abyss.png */ = {isa = PBXFileReference; lastKnownFileType = image.png; path = abyss.png; sourceTree = "<group>"; };
		F3A2108218FB8BBD0004BB55 /* MapReader.h */ = {isa = PBXFileReference; fileEncoding = 4; lastKnownFileType = sourcecode.c.h; path = MapReader.h; sourceTree = "<group>"; };
		F3A2108318FB8BBD0004BB55 /* MapReader.m */ = {isa = PBXFileReference; fileEncoding = 4; lastKnownFileType = sourcecode.c.objc; path = MapReader.m; sourceTree = "<group>"; };
		F3A36F5118FE42EC00A89FFB /* LossScene.h */ = {isa = PBXFileReference; fileEncoding = 4; lastKnownFileType = sourcecode.c.h; path = LossScene.h; sourceTree = "<group>"; };
		F3A36F5218FE42EC00A89FFB /* LossScene.m */ = {isa = PBXFileReference; fileEncoding = 4; lastKnownFileType = sourcecode.c.objc; path = LossScene.m; sourceTree = "<group>"; };
		F3A7566618FDE6F800402ACC /* level_1.txt */ = {isa = PBXFileReference; fileEncoding = 4; lastKnownFileType = text; path = level_1.txt; sourceTree = "<group>"; };
		F3A7566718FDE6F800402ACC /* level_2.txt */ = {isa = PBXFileReference; fileEncoding = 4; lastKnownFileType = text; path = level_2.txt; sourceTree = "<group>"; };
		F3A7566818FDE6F800402ACC /* level_3.txt */ = {isa = PBXFileReference; fileEncoding = 4; lastKnownFileType = text; path = level_3.txt; sourceTree = "<group>"; };
		F3CF17331900843700CF7875 /* nextLevel.mp3 */ = {isa = PBXFileReference; lastKnownFileType = audio.mp3; path = nextLevel.mp3; sourceTree = "<group>"; };
		F3CF17341900843700CF7875 /* portalOpening.mp3 */ = {isa = PBXFileReference; lastKnownFileType = audio.mp3; path = portalOpening.mp3; sourceTree = "<group>"; };
		F3CF17351900843700CF7875 /* robootMoving.mp3 */ = {isa = PBXFileReference; lastKnownFileType = audio.mp3; path = robootMoving.mp3; sourceTree = "<group>"; };
		F3CF17361900843700CF7875 /* endMusic.mp3 */ = {isa = PBXFileReference; lastKnownFileType = audio.mp3; path = endMusic.mp3; sourceTree = "<group>"; };
		F3CF17371900843700CF7875 /* getWrench.mp3 */ = {isa = PBXFileReference; lastKnownFileType = audio.mp3; path = getWrench.mp3; sourceTree = "<group>"; };
		F3CF173D19008C5800CF7875 /* buttonThree.mp3 */ = {isa = PBXFileReference; lastKnownFileType = audio.mp3; path = buttonThree.mp3; sourceTree = "<group>"; };
		F3CF173E19008C5800CF7875 /* buttonOne.mp3 */ = {isa = PBXFileReference; lastKnownFileType = audio.mp3; path = buttonOne.mp3; sourceTree = "<group>"; };
		F3CF173F19008C5800CF7875 /* buttonFour.mp3 */ = {isa = PBXFileReference; lastKnownFileType = audio.mp3; path = buttonFour.mp3; sourceTree = "<group>"; };
		F3CF174019008C5800CF7875 /* buttonTwo.mp3 */ = {isa = PBXFileReference; lastKnownFileType = audio.mp3; path = buttonTwo.mp3; sourceTree = "<group>"; };
		F3DE4D1518FE3D2200AB8D94 /* WinScene.h */ = {isa = PBXFileReference; fileEncoding = 4; lastKnownFileType = sourcecode.c.h; path = WinScene.h; sourceTree = "<group>"; };
		F3DE4D1618FE3D2200AB8D94 /* WinScene.m */ = {isa = PBXFileReference; fileEncoding = 4; lastKnownFileType = sourcecode.c.objc; path = WinScene.m; sourceTree = "<group>"; };
/* End PBXFileReference section */

/* Begin PBXFrameworksBuildPhase section */
		070361D818A86E15006AB301 /* Frameworks */ = {
			isa = PBXFrameworksBuildPhase;
			buildActionMask = 2147483647;
			files = (
				07249E3E18DE98F7001C2F43 /* AVFoundation.framework in Frameworks */,
				070361E118A86E16006AB301 /* CoreGraphics.framework in Frameworks */,
				070361E318A86E16006AB301 /* UIKit.framework in Frameworks */,
				070361E518A86E16006AB301 /* SpriteKit.framework in Frameworks */,
				070361DF18A86E16006AB301 /* Foundation.framework in Frameworks */,
			);
			runOnlyForDeploymentPostprocessing = 0;
		};
		0703620318A86E16006AB301 /* Frameworks */ = {
			isa = PBXFrameworksBuildPhase;
			buildActionMask = 2147483647;
			files = (
				0703620818A86E16006AB301 /* XCTest.framework in Frameworks */,
				0703620A18A86E16006AB301 /* UIKit.framework in Frameworks */,
				0703620918A86E16006AB301 /* Foundation.framework in Frameworks */,
			);
			runOnlyForDeploymentPostprocessing = 0;
		};
/* End PBXFrameworksBuildPhase section */

/* Begin PBXGroup section */
		070361D218A86E15006AB301 = {
			isa = PBXGroup;
			children = (
				070361E618A86E16006AB301 /* Roboot */,
				0703620D18A86E16006AB301 /* RobootTests */,
				070361DD18A86E16006AB301 /* Frameworks */,
				070361DC18A86E16006AB301 /* Products */,
			);
			sourceTree = "<group>";
		};
		070361DC18A86E16006AB301 /* Products */ = {
			isa = PBXGroup;
			children = (
				070361DB18A86E16006AB301 /* Roboot.app */,
				0703620618A86E16006AB301 /* RobootTests.xctest */,
			);
			name = Products;
			sourceTree = "<group>";
		};
		070361DD18A86E16006AB301 /* Frameworks */ = {
			isa = PBXGroup;
			children = (
				07249E3D18DE98F6001C2F43 /* AVFoundation.framework */,
				070361DE18A86E16006AB301 /* Foundation.framework */,
				070361E018A86E16006AB301 /* CoreGraphics.framework */,
				070361E218A86E16006AB301 /* UIKit.framework */,
				070361E418A86E16006AB301 /* SpriteKit.framework */,
				0703620718A86E16006AB301 /* XCTest.framework */,
			);
			name = Frameworks;
			sourceTree = "<group>";
		};
		070361E618A86E16006AB301 /* Roboot */ = {
			isa = PBXGroup;
			children = (
				07A2993C18FB82E000038483 /* resources */,
				070361EF18A86E16006AB301 /* AppDelegate.h */,
				070361F018A86E16006AB301 /* AppDelegate.m */,
				070361F218A86E16006AB301 /* Main_iPhone.storyboard */,
				070361F518A86E16006AB301 /* Main_iPad.storyboard */,
				070361F818A86E16006AB301 /* ViewController.h */,
				070361F918A86E16006AB301 /* ViewController.m */,
				070361FB18A86E16006AB301 /* Game.h */,
				070361FC18A86E16006AB301 /* Game.m */,
				07A2993D18FCB82200038483 /* StartScene.h */,
				07A2993E18FCB82200038483 /* StartScene.m */,
				F3A36F5118FE42EC00A89FFB /* LossScene.h */,
				F3A36F5218FE42EC00A89FFB /* LossScene.m */,
				F3DE4D1518FE3D2200AB8D94 /* WinScene.h */,
				F3DE4D1618FE3D2200AB8D94 /* WinScene.m */,
				07404D2E18EBC51F009C8D31 /* Map.h */,
				07404D2F18EBC51F009C8D31 /* Map.m */,
				F3A2108218FB8BBD0004BB55 /* MapReader.h */,
				F3A2108318FB8BBD0004BB55 /* MapReader.m */,
				0703620018A86E16006AB301 /* Images.xcassets */,
				070361E718A86E16006AB301 /* Supporting Files */,
			);
			path = Roboot;
			sourceTree = "<group>";
		};
		070361E718A86E16006AB301 /* Supporting Files */ = {
			isa = PBXGroup;
			children = (
				070361E818A86E16006AB301 /* Roboot-Info.plist */,
				070361E918A86E16006AB301 /* InfoPlist.strings */,
				070361EC18A86E16006AB301 /* main.m */,
				070361EE18A86E16006AB301 /* Roboot-Prefix.pch */,
			);
			name = "Supporting Files";
			sourceTree = "<group>";
		};
		0703620D18A86E16006AB301 /* RobootTests */ = {
			isa = PBXGroup;
			children = (
				0703621318A86E16006AB301 /* RobootTests.m */,
				0703620E18A86E16006AB301 /* Supporting Files */,
			);
			path = RobootTests;
			sourceTree = "<group>";
		};
		0703620E18A86E16006AB301 /* Supporting Files */ = {
			isa = PBXGroup;
			children = (
				0703620F18A86E16006AB301 /* RobootTests-Info.plist */,
				0703621018A86E16006AB301 /* InfoPlist.strings */,
			);
			name = "Supporting Files";
			sourceTree = "<group>";
		};
		07A2993C18FB82E000038483 /* resources */ = {
			isa = PBXGroup;
			children = (
				07B103831901870000020EF6 /* failScreen.png */,
				07B103841901870000020EF6 /* levelComplete.png */,
				07B103851901870000020EF6 /* start.png */,
				F3A7566618FDE6F800402ACC /* level_1.txt */,
				F3A7566718FDE6F800402ACC /* level_2.txt */,
				F3A7566818FDE6F800402ACC /* level_3.txt */,
				F38C64D9190029EF00F676DF /* abyss.png */,
				07249E1B18DE9799001C2F43 /* battery.png */,
				07249E1D18DE9799001C2F43 /* block.png */,
				07404D3118EC7DCC009C8D31 /* ButtonDown.png */,
				07404D3218EC7DCC009C8D31 /* ButtonLeft.png */,
				07404D3318EC7DCC009C8D31 /* ButtonRight.png */,
				07A2994018FCC5F800038483 /* ButtonAccept.png */,
				07404D3418EC7DCC009C8D31 /* ButtonUp.png */,
				07249E1E18DE9799001C2F43 /* circuit.png */,
				07249E1F18DE9799001C2F43 /* fall.png */,
				07249E2518DE97DA001C2F43 /* mine.png */,
				07249E2618DE97DA001C2F43 /* portal-closed.png */,
				07249E2718DE97DA001C2F43 /* portal-open.png */,
				07249E1918DE95D5001C2F43 /* roboot_front.png */,
				07249E2818DE97DA001C2F43 /* roboot_back.png */,
				07249E2918DE97DA001C2F43 /* roboot_left.png */,
				07249E2A18DE97DA001C2F43 /* roboot_right.png */,
				07249E2B18DE97DA001C2F43 /* robot.png */,
				07249E2E18DE97DA001C2F43 /* tile.png */,
				07249E2F18DE97DA001C2F43 /* wall.png */,
				07249E3018DE97DA001C2F43 /* wrench.png */,
				F3CF173D19008C5800CF7875 /* buttonThree.mp3 */,
				F3CF173E19008C5800CF7875 /* buttonOne.mp3 */,
				F3CF173F19008C5800CF7875 /* buttonFour.mp3 */,
				F3CF174019008C5800CF7875 /* buttonTwo.mp3 */,
				F3CF17361900843700CF7875 /* endMusic.mp3 */,
				F3CF17371900843700CF7875 /* getWrench.mp3 */,
				F3CF17331900843700CF7875 /* nextLevel.mp3 */,
				F3CF17341900843700CF7875 /* portalOpening.mp3 */,
				F3CF17351900843700CF7875 /* robootMoving.mp3 */,
				07249E2D18DE97DA001C2F43 /* song.mp3 */,
			);
			name = resources;
			sourceTree = "<group>";
		};
/* End PBXGroup section */

/* Begin PBXNativeTarget section */
		070361DA18A86E15006AB301 /* Roboot */ = {
			isa = PBXNativeTarget;
			buildConfigurationList = 0703621718A86E16006AB301 /* Build configuration list for PBXNativeTarget "Roboot" */;
			buildPhases = (
				070361D718A86E15006AB301 /* Sources */,
				070361D818A86E15006AB301 /* Frameworks */,
				070361D918A86E15006AB301 /* Resources */,
			);
			buildRules = (
			);
			dependencies = (
			);
			name = Roboot;
			productName = Roboot;
			productReference = 070361DB18A86E16006AB301 /* Roboot.app */;
			productType = "com.apple.product-type.application";
		};
		0703620518A86E16006AB301 /* RobootTests */ = {
			isa = PBXNativeTarget;
			buildConfigurationList = 0703621A18A86E16006AB301 /* Build configuration list for PBXNativeTarget "RobootTests" */;
			buildPhases = (
				0703620218A86E16006AB301 /* Sources */,
				0703620318A86E16006AB301 /* Frameworks */,
				0703620418A86E16006AB301 /* Resources */,
			);
			buildRules = (
			);
			dependencies = (
				0703620C18A86E16006AB301 /* PBXTargetDependency */,
			);
			name = RobootTests;
			productName = RobootTests;
			productReference = 0703620618A86E16006AB301 /* RobootTests.xctest */;
			productType = "com.apple.product-type.bundle.unit-test";
		};
/* End PBXNativeTarget section */

/* Begin PBXProject section */
		070361D318A86E15006AB301 /* Project object */ = {
			isa = PBXProject;
			attributes = {
				LastUpgradeCheck = 0510;
				ORGANIZATIONNAME = "Devan Buggay";
				TargetAttributes = {
					0703620518A86E16006AB301 = {
						TestTargetID = 070361DA18A86E15006AB301;
					};
				};
			};
			buildConfigurationList = 070361D618A86E15006AB301 /* Build configuration list for PBXProject "Roboot" */;
			compatibilityVersion = "Xcode 3.2";
			developmentRegion = English;
			hasScannedForEncodings = 0;
			knownRegions = (
				en,
				Base,
			);
			mainGroup = 070361D218A86E15006AB301;
			productRefGroup = 070361DC18A86E16006AB301 /* Products */;
			projectDirPath = "";
			projectRoot = "";
			targets = (
				070361DA18A86E15006AB301 /* Roboot */,
				0703620518A86E16006AB301 /* RobootTests */,
			);
		};
/* End PBXProject section */

/* Begin PBXResourcesBuildPhase section */
		070361D918A86E15006AB301 /* Resources */ = {
			isa = PBXResourcesBuildPhase;
			buildActionMask = 2147483647;
			files = (
				F3CF173B1900843700CF7875 /* endMusic.mp3 in Resources */,
				07249E2018DE9799001C2F43 /* battery.png in Resources */,
				07249E3C18DE97DA001C2F43 /* wrench.png in Resources */,
				07249E3918DE97DA001C2F43 /* song.mp3 in Resources */,
				F3A7566B18FDE6F800402ACC /* level_3.txt in Resources */,
				07249E3418DE97DA001C2F43 /* roboot_back.png in Resources */,
				07249E2418DE9799001C2F43 /* fall.png in Resources */,
				07249E3B18DE97DA001C2F43 /* wall.png in Resources */,
				F3CF17391900843700CF7875 /* portalOpening.mp3 in Resources */,
				07249E2218DE9799001C2F43 /* block.png in Resources */,
				0703620118A86E16006AB301 /* Images.xcassets in Resources */,
				F3CF17381900843700CF7875 /* nextLevel.mp3 in Resources */,
				F3CF174419008C5800CF7875 /* buttonTwo.mp3 in Resources */,
				070361F718A86E16006AB301 /* Main_iPad.storyboard in Resources */,
				F3CF173C1900843700CF7875 /* getWrench.mp3 in Resources */,
				07404D3718EC7DCC009C8D31 /* ButtonRight.png in Resources */,
				070361F418A86E16006AB301 /* Main_iPhone.storyboard in Resources */,
				F38C64DA190029EF00F676DF /* abyss.png in Resources */,
				07249E3118DE97DA001C2F43 /* mine.png in Resources */,
				07249E3718DE97DA001C2F43 /* robot.png in Resources */,
				F3A7566A18FDE6F800402ACC /* level_2.txt in Resources */,
				07B103871901870000020EF6 /* levelComplete.png in Resources */,
				F3CF174119008C5800CF7875 /* buttonThree.mp3 in Resources */,
				07404D3618EC7DCC009C8D31 /* ButtonLeft.png in Resources */,
				07B103861901870000020EF6 /* failScreen.png in Resources */,
				07B103881901870000020EF6 /* start.png in Resources */,
				F3CF174219008C5800CF7875 /* buttonOne.mp3 in Resources */,
				07249E3618DE97DA001C2F43 /* roboot_right.png in Resources */,
				F3CF173A1900843700CF7875 /* robootMoving.mp3 in Resources */,
				070361EB18A86E16006AB301 /* InfoPlist.strings in Resources */,
				F3A7566918FDE6F800402ACC /* level_1.txt in Resources */,
				07249E2318DE9799001C2F43 /* circuit.png in Resources */,
				F3CF174319008C5800CF7875 /* buttonFour.mp3 in Resources */,
			);
			runOnlyForDeploymentPostprocessing = 0;
		};
		0703620418A86E16006AB301 /* Resources */ = {
			isa = PBXResourcesBuildPhase;
			buildActionMask = 2147483647;
			files = (
				0703621218A86E16006AB301 /* InfoPlist.strings in Resources */,
			);
			runOnlyForDeploymentPostprocessing = 0;
		};
/* End PBXResourcesBuildPhase section */

/* Begin PBXSourcesBuildPhase section */
		070361D718A86E15006AB301 /* Sources */ = {
			isa = PBXSourcesBuildPhase;
			buildActionMask = 2147483647;
			files = (
				070361FD18A86E16006AB301 /* Game.m in Sources */,
				F3DE4D1718FE3D2200AB8D94 /* WinScene.m in Sources */,
				F3A2108418FB8BBD0004BB55 /* MapReader.m in Sources */,
				F3A36F5318FE42EC00A89FFB /* LossScene.m in Sources */,
				07404D3018EBC51F009C8D31 /* Map.m in Sources */,
				070361FA18A86E16006AB301 /* ViewController.m in Sources */,
				070361F118A86E16006AB301 /* AppDelegate.m in Sources */,
				07A2993F18FCB82200038483 /* StartScene.m in Sources */,
				070361ED18A86E16006AB301 /* main.m in Sources */,
			);
			runOnlyForDeploymentPostprocessing = 0;
		};
		0703620218A86E16006AB301 /* Sources */ = {
			isa = PBXSourcesBuildPhase;
			buildActionMask = 2147483647;
			files = (
				0703621418A86E16006AB301 /* RobootTests.m in Sources */,
			);
			runOnlyForDeploymentPostprocessing = 0;
		};
/* End PBXSourcesBuildPhase section */

/* Begin PBXTargetDependency section */
		0703620C18A86E16006AB301 /* PBXTargetDependency */ = {
			isa = PBXTargetDependency;
			target = 070361DA18A86E15006AB301 /* Roboot */;
			targetProxy = 0703620B18A86E16006AB301 /* PBXContainerItemProxy */;
		};
/* End PBXTargetDependency section */

/* Begin PBXVariantGroup section */
		070361E918A86E16006AB301 /* InfoPlist.strings */ = {
			isa = PBXVariantGroup;
			children = (
				070361EA18A86E16006AB301 /* en */,
			);
			name = InfoPlist.strings;
			sourceTree = "<group>";
		};
		070361F218A86E16006AB301 /* Main_iPhone.storyboard */ = {
			isa = PBXVariantGroup;
			children = (
				070361F318A86E16006AB301 /* Base */,
			);
			name = Main_iPhone.storyboard;
			sourceTree = "<group>";
		};
		070361F518A86E16006AB301 /* Main_iPad.storyboard */ = {
			isa = PBXVariantGroup;
			children = (
				070361F618A86E16006AB301 /* Base */,
			);
			name = Main_iPad.storyboard;
			sourceTree = "<group>";
		};
		0703621018A86E16006AB301 /* InfoPlist.strings */ = {
			isa = PBXVariantGroup;
			children = (
				0703621118A86E16006AB301 /* en */,
			);
			name = InfoPlist.strings;
			sourceTree = "<group>";
		};
/* End PBXVariantGroup section */

/* Begin XCBuildConfiguration section */
		0703621518A86E16006AB301 /* Debug */ = {
			isa = XCBuildConfiguration;
			buildSettings = {
				ALWAYS_SEARCH_USER_PATHS = NO;
				CLANG_CXX_LANGUAGE_STANDARD = "gnu++0x";
				CLANG_CXX_LIBRARY = "libc++";
				CLANG_ENABLE_MODULES = YES;
				CLANG_ENABLE_OBJC_ARC = YES;
				CLANG_WARN_BOOL_CONVERSION = YES;
				CLANG_WARN_CONSTANT_CONVERSION = YES;
				CLANG_WARN_DIRECT_OBJC_ISA_USAGE = YES_ERROR;
				CLANG_WARN_EMPTY_BODY = YES;
				CLANG_WARN_ENUM_CONVERSION = YES;
				CLANG_WARN_INT_CONVERSION = YES;
				CLANG_WARN_OBJC_ROOT_CLASS = YES_ERROR;
				CLANG_WARN__DUPLICATE_METHOD_MATCH = YES;
				"CODE_SIGN_IDENTITY[sdk=iphoneos*]" = "iPhone Developer";
				COPY_PHASE_STRIP = NO;
				GCC_C_LANGUAGE_STANDARD = gnu99;
				GCC_DYNAMIC_NO_PIC = NO;
				GCC_OPTIMIZATION_LEVEL = 0;
				GCC_PREPROCESSOR_DEFINITIONS = (
					"DEBUG=1",
					"$(inherited)",
				);
				GCC_SYMBOLS_PRIVATE_EXTERN = NO;
				GCC_WARN_64_TO_32_BIT_CONVERSION = YES;
				GCC_WARN_ABOUT_RETURN_TYPE = YES_ERROR;
				GCC_WARN_UNDECLARED_SELECTOR = YES;
				GCC_WARN_UNINITIALIZED_AUTOS = YES;
				GCC_WARN_UNUSED_FUNCTION = YES;
				GCC_WARN_UNUSED_VARIABLE = YES;
				IPHONEOS_DEPLOYMENT_TARGET = 7.0;
				ONLY_ACTIVE_ARCH = YES;
				SDKROOT = iphoneos;
				TARGETED_DEVICE_FAMILY = "1,2";
			};
			name = Debug;
		};
		0703621618A86E16006AB301 /* Release */ = {
			isa = XCBuildConfiguration;
			buildSettings = {
				ALWAYS_SEARCH_USER_PATHS = NO;
				CLANG_CXX_LANGUAGE_STANDARD = "gnu++0x";
				CLANG_CXX_LIBRARY = "libc++";
				CLANG_ENABLE_MODULES = YES;
				CLANG_ENABLE_OBJC_ARC = YES;
				CLANG_WARN_BOOL_CONVERSION = YES;
				CLANG_WARN_CONSTANT_CONVERSION = YES;
				CLANG_WARN_DIRECT_OBJC_ISA_USAGE = YES_ERROR;
				CLANG_WARN_EMPTY_BODY = YES;
				CLANG_WARN_ENUM_CONVERSION = YES;
				CLANG_WARN_INT_CONVERSION = YES;
				CLANG_WARN_OBJC_ROOT_CLASS = YES_ERROR;
				CLANG_WARN__DUPLICATE_METHOD_MATCH = YES;
				"CODE_SIGN_IDENTITY[sdk=iphoneos*]" = "iPhone Developer";
				COPY_PHASE_STRIP = YES;
				ENABLE_NS_ASSERTIONS = NO;
				GCC_C_LANGUAGE_STANDARD = gnu99;
				GCC_WARN_64_TO_32_BIT_CONVERSION = YES;
				GCC_WARN_ABOUT_RETURN_TYPE = YES_ERROR;
				GCC_WARN_UNDECLARED_SELECTOR = YES;
				GCC_WARN_UNINITIALIZED_AUTOS = YES;
				GCC_WARN_UNUSED_FUNCTION = YES;
				GCC_WARN_UNUSED_VARIABLE = YES;
				IPHONEOS_DEPLOYMENT_TARGET = 7.0;
				SDKROOT = iphoneos;
				TARGETED_DEVICE_FAMILY = "1,2";
				VALIDATE_PRODUCT = YES;
			};
			name = Release;
		};
		0703621818A86E16006AB301 /* Debug */ = {
			isa = XCBuildConfiguration;
			buildSettings = {
				ASSETCATALOG_COMPILER_APPICON_NAME = AppIcon;
				ASSETCATALOG_COMPILER_LAUNCHIMAGE_NAME = LaunchImage;
				GCC_PRECOMPILE_PREFIX_HEADER = YES;
				GCC_PREFIX_HEADER = "Roboot/Roboot-Prefix.pch";
				INFOPLIST_FILE = "Roboot/Roboot-Info.plist";
				PRODUCT_NAME = "$(TARGET_NAME)";
				SPRITEKIT_TEXTURE_ATLAS_OUTPUT = YES;
				WRAPPER_EXTENSION = app;
			};
			name = Debug;
		};
		0703621918A86E16006AB301 /* Release */ = {
			isa = XCBuildConfiguration;
			buildSettings = {
				ASSETCATALOG_COMPILER_APPICON_NAME = AppIcon;
				ASSETCATALOG_COMPILER_LAUNCHIMAGE_NAME = LaunchImage;
				GCC_PRECOMPILE_PREFIX_HEADER = YES;
				GCC_PREFIX_HEADER = "Roboot/Roboot-Prefix.pch";
				INFOPLIST_FILE = "Roboot/Roboot-Info.plist";
				PRODUCT_NAME = "$(TARGET_NAME)";
				SPRITEKIT_TEXTURE_ATLAS_OUTPUT = YES;
				WRAPPER_EXTENSION = app;
			};
			name = Release;
		};
		0703621B18A86E16006AB301 /* Debug */ = {
			isa = XCBuildConfiguration;
			buildSettings = {
				BUNDLE_LOADER = "$(BUILT_PRODUCTS_DIR)/Roboot.app/Roboot";
				FRAMEWORK_SEARCH_PATHS = (
					"$(SDKROOT)/Developer/Library/Frameworks",
					"$(inherited)",
					"$(DEVELOPER_FRAMEWORKS_DIR)",
				);
				GCC_PRECOMPILE_PREFIX_HEADER = YES;
				GCC_PREFIX_HEADER = "Roboot/Roboot-Prefix.pch";
				GCC_PREPROCESSOR_DEFINITIONS = (
					"DEBUG=1",
					"$(inherited)",
				);
				INFOPLIST_FILE = "RobootTests/RobootTests-Info.plist";
				PRODUCT_NAME = "$(TARGET_NAME)";
				TEST_HOST = "$(BUNDLE_LOADER)";
				WRAPPER_EXTENSION = xctest;
			};
			name = Debug;
		};
		0703621C18A86E16006AB301 /* Release */ = {
			isa = XCBuildConfiguration;
			buildSettings = {
				BUNDLE_LOADER = "$(BUILT_PRODUCTS_DIR)/Roboot.app/Roboot";
				FRAMEWORK_SEARCH_PATHS = (
					"$(SDKROOT)/Developer/Library/Frameworks",
					"$(inherited)",
					"$(DEVELOPER_FRAMEWORKS_DIR)",
				);
				GCC_PRECOMPILE_PREFIX_HEADER = YES;
				GCC_PREFIX_HEADER = "Roboot/Roboot-Prefix.pch";
				INFOPLIST_FILE = "RobootTests/RobootTests-Info.plist";
				PRODUCT_NAME = "$(TARGET_NAME)";
				TEST_HOST = "$(BUNDLE_LOADER)";
				WRAPPER_EXTENSION = xctest;
			};
			name = Release;
		};
/* End XCBuildConfiguration section */

/* Begin XCConfigurationList section */
		070361D618A86E15006AB301 /* Build configuration list for PBXProject "Roboot" */ = {
			isa = XCConfigurationList;
			buildConfigurations = (
				0703621518A86E16006AB301 /* Debug */,
				0703621618A86E16006AB301 /* Release */,
			);
			defaultConfigurationIsVisible = 0;
			defaultConfigurationName = Release;
		};
		0703621718A86E16006AB301 /* Build configuration list for PBXNativeTarget "Roboot" */ = {
			isa = XCConfigurationList;
			buildConfigurations = (
				0703621818A86E16006AB301 /* Debug */,
				0703621918A86E16006AB301 /* Release */,
			);
			defaultConfigurationIsVisible = 0;
			defaultConfigurationName = Release;
		};
		0703621A18A86E16006AB301 /* Build configuration list for PBXNativeTarget "RobootTests" */ = {
			isa = XCConfigurationList;
			buildConfigurations = (
				0703621B18A86E16006AB301 /* Debug */,
				0703621C18A86E16006AB301 /* Release */,
			);
			defaultConfigurationIsVisible = 0;
			defaultConfigurationName = Release;
		};
/* End XCConfigurationList section */
	};
	rootObject = 070361D318A86E15006AB301 /* Project object */;
}
